
Microsoft Visual Studio Solution File, Format Version 12.00
# Visual Studio Version 17
VisualStudioVersion = 17.7.34202.233
MinimumVisualStudioVersion = 10.0.40219.1
Project("{FAE04EC0-301F-11D3-BF4B-00C04F79EFBC}") = "BinaryTree", "BinaryTree\BinaryTree.csproj", "{311B4D7E-4449-41AA-B2C5-355FDE4BE821}"
EndProject
Global
	GlobalSection(SolutionConfigurationPlatforms) = preSolution
		Debug|Any CPU = Debug|Any CPU
		Release|Any CPU = Release|Any CPU
	EndGlobalSection
	GlobalSection(ProjectConfigurationPlatforms) = postSolution
		{311B4D7E-4449-41AA-B2C5-355FDE4BE821}.Debug|Any CPU.ActiveCfg = Debug|Any CPU
		{311B4D7E-4449-41AA-B2C5-355FDE4BE821}.Debug|Any CPU.Build.0 = Debug|Any CPU
		{311B4D7E-4449-41AA-B2C5-355FDE4BE821}.Release|Any CPU.ActiveCfg = Release|Any CPU
		{311B4D7E-4449-41AA-B2C5-355FDE4BE821}.Release|Any CPU.Build.0 = Release|Any CPU
	EndGlobalSection
	GlobalSection(SolutionProperties) = preSolution
		HideSolutionNode = FALSE
	EndGlobalSection
	GlobalSection(ExtensibilityGlobals) = postSolution
		SolutionGuid = {DBAC74B2-9106-4B52-99A5-CE22A72E7028}
	EndGlobalSection
EndGlobal
